// !$*UTF8*$!
{
	archiveVersion = 1;
	classes = {
	};
	objectVersion = 51;
	objects = {

/* Begin PBXBuildFile section */
		24FF223ADD45EDD3BE4B98AF /* Pods_Parstagram.framework in Frameworks */ = {isa = PBXBuildFile; fileRef = EAD8138599F36268CBA3C920 /* Pods_Parstagram.framework */; };
		351CA6B2CA118C28875E681C /* Pods_ParstagramTests.framework in Frameworks */ = {isa = PBXBuildFile; fileRef = DEE0CA1986A5F57C124622AC /* Pods_ParstagramTests.framework */; };
		5B9725BC2716BA35004C2CB9 /* AppDelegate.swift in Sources */ = {isa = PBXBuildFile; fileRef = 5B9725BB2716BA35004C2CB9 /* AppDelegate.swift */; };
		5B9725BE2716BA35004C2CB9 /* SceneDelegate.swift in Sources */ = {isa = PBXBuildFile; fileRef = 5B9725BD2716BA35004C2CB9 /* SceneDelegate.swift */; };
		5B9725C32716BA35004C2CB9 /* Main.storyboard in Resources */ = {isa = PBXBuildFile; fileRef = 5B9725C12716BA35004C2CB9 /* Main.storyboard */; };
		5B9725C52716BA37004C2CB9 /* Assets.xcassets in Resources */ = {isa = PBXBuildFile; fileRef = 5B9725C42716BA37004C2CB9 /* Assets.xcassets */; };
		5B9725C82716BA37004C2CB9 /* LaunchScreen.storyboard in Resources */ = {isa = PBXBuildFile; fileRef = 5B9725C62716BA37004C2CB9 /* LaunchScreen.storyboard */; };
		5B9725D32716BA37004C2CB9 /* ParstagramTests.swift in Sources */ = {isa = PBXBuildFile; fileRef = 5B9725D22716BA37004C2CB9 /* ParstagramTests.swift */; };
		5B9725DE2716BA37004C2CB9 /* ParstagramUITests.swift in Sources */ = {isa = PBXBuildFile; fileRef = 5B9725DD2716BA37004C2CB9 /* ParstagramUITests.swift */; };
		5B9725EC2716C7A0004C2CB9 /* LoginViewController.swift in Sources */ = {isa = PBXBuildFile; fileRef = 5B9725EB2716C7A0004C2CB9 /* LoginViewController.swift */; };
		5B9725EE2716C7BA004C2CB9 /* FeedViewController.swift in Sources */ = {isa = PBXBuildFile; fileRef = 5B9725ED2716C7BA004C2CB9 /* FeedViewController.swift */; };
		5B9725F02717F57F004C2CB9 /* CameraViewController.swift in Sources */ = {isa = PBXBuildFile; fileRef = 5B9725EF2717F57F004C2CB9 /* CameraViewController.swift */; };
		5B9725F22718097F004C2CB9 /* PostTableViewCell.swift in Sources */ = {isa = PBXBuildFile; fileRef = 5B9725F12718097F004C2CB9 /* PostTableViewCell.swift */; };
		5B9725F627212860004C2CB9 /* CommentCell.swift in Sources */ = {isa = PBXBuildFile; fileRef = 5B9725F527212860004C2CB9 /* CommentCell.swift */; };
		E7B9CCF4CE153E8A1536399F /* Pods_Parstagram_ParstagramUITests.framework in Frameworks */ = {isa = PBXBuildFile; fileRef = 5F6AFFB36A17FE86E5EB2DA8 /* Pods_Parstagram_ParstagramUITests.framework */; };
/* End PBXBuildFile section */

/* Begin PBXContainerItemProxy section */
		5B9725CF2716BA37004C2CB9 /* PBXContainerItemProxy */ = {
			isa = PBXContainerItemProxy;
			containerPortal = 5B9725B02716BA35004C2CB9 /* Project object */;
			proxyType = 1;
			remoteGlobalIDString = 5B9725B72716BA35004C2CB9;
			remoteInfo = Parstagram;
		};
		5B9725DA2716BA37004C2CB9 /* PBXContainerItemProxy */ = {
			isa = PBXContainerItemProxy;
			containerPortal = 5B9725B02716BA35004C2CB9 /* Project object */;
			proxyType = 1;
			remoteGlobalIDString = 5B9725B72716BA35004C2CB9;
			remoteInfo = Parstagram;
		};
/* End PBXContainerItemProxy section */

/* Begin PBXFileReference section */
		03981AB23B1FECB79D7E5955 /* Pods-Parstagram.debug.xcconfig */ = {isa = PBXFileReference; includeInIndex = 1; lastKnownFileType = text.xcconfig; name = "Pods-Parstagram.debug.xcconfig"; path = "Target Support Files/Pods-Parstagram/Pods-Parstagram.debug.xcconfig"; sourceTree = "<group>"; };
		32523EC1D71B7128E74931F6 /* Pods-Parstagram.release.xcconfig */ = {isa = PBXFileReference; includeInIndex = 1; lastKnownFileType = text.xcconfig; name = "Pods-Parstagram.release.xcconfig"; path = "Target Support Files/Pods-Parstagram/Pods-Parstagram.release.xcconfig"; sourceTree = "<group>"; };
		5B9725B82716BA35004C2CB9 /* Parstagram.app */ = {isa = PBXFileReference; explicitFileType = wrapper.application; includeInIndex = 0; path = Parstagram.app; sourceTree = BUILT_PRODUCTS_DIR; };
		5B9725BB2716BA35004C2CB9 /* AppDelegate.swift */ = {isa = PBXFileReference; lastKnownFileType = sourcecode.swift; path = AppDelegate.swift; sourceTree = "<group>"; };
		5B9725BD2716BA35004C2CB9 /* SceneDelegate.swift */ = {isa = PBXFileReference; lastKnownFileType = sourcecode.swift; path = SceneDelegate.swift; sourceTree = "<group>"; };
		5B9725C22716BA35004C2CB9 /* Base */ = {isa = PBXFileReference; lastKnownFileType = file.storyboard; name = Base; path = Base.lproj/Main.storyboard; sourceTree = "<group>"; };
		5B9725C42716BA37004C2CB9 /* Assets.xcassets */ = {isa = PBXFileReference; lastKnownFileType = folder.assetcatalog; path = Assets.xcassets; sourceTree = "<group>"; };
		5B9725C72716BA37004C2CB9 /* Base */ = {isa = PBXFileReference; lastKnownFileType = file.storyboard; name = Base; path = Base.lproj/LaunchScreen.storyboard; sourceTree = "<group>"; };
		5B9725C92716BA37004C2CB9 /* Info.plist */ = {isa = PBXFileReference; lastKnownFileType = text.plist.xml; path = Info.plist; sourceTree = "<group>"; };
		5B9725CE2716BA37004C2CB9 /* ParstagramTests.xctest */ = {isa = PBXFileReference; explicitFileType = wrapper.cfbundle; includeInIndex = 0; path = ParstagramTests.xctest; sourceTree = BUILT_PRODUCTS_DIR; };
		5B9725D22716BA37004C2CB9 /* ParstagramTests.swift */ = {isa = PBXFileReference; lastKnownFileType = sourcecode.swift; path = ParstagramTests.swift; sourceTree = "<group>"; };
		5B9725D42716BA37004C2CB9 /* Info.plist */ = {isa = PBXFileReference; lastKnownFileType = text.plist.xml; path = Info.plist; sourceTree = "<group>"; };
		5B9725D92716BA37004C2CB9 /* ParstagramUITests.xctest */ = {isa = PBXFileReference; explicitFileType = wrapper.cfbundle; includeInIndex = 0; path = ParstagramUITests.xctest; sourceTree = BUILT_PRODUCTS_DIR; };
		5B9725DD2716BA37004C2CB9 /* ParstagramUITests.swift */ = {isa = PBXFileReference; lastKnownFileType = sourcecode.swift; path = ParstagramUITests.swift; sourceTree = "<group>"; };
		5B9725DF2716BA37004C2CB9 /* Info.plist */ = {isa = PBXFileReference; lastKnownFileType = text.plist.xml; path = Info.plist; sourceTree = "<group>"; };
		5B9725EB2716C7A0004C2CB9 /* LoginViewController.swift */ = {isa = PBXFileReference; lastKnownFileType = sourcecode.swift; path = LoginViewController.swift; sourceTree = "<group>"; };
		5B9725ED2716C7BA004C2CB9 /* FeedViewController.swift */ = {isa = PBXFileReference; lastKnownFileType = sourcecode.swift; path = FeedViewController.swift; sourceTree = "<group>"; };
		5B9725EF2717F57F004C2CB9 /* CameraViewController.swift */ = {isa = PBXFileReference; lastKnownFileType = sourcecode.swift; path = CameraViewController.swift; sourceTree = "<group>"; };
		5B9725F12718097F004C2CB9 /* PostTableViewCell.swift */ = {isa = PBXFileReference; lastKnownFileType = sourcecode.swift; path = PostTableViewCell.swift; sourceTree = "<group>"; };
		5B9725F527212860004C2CB9 /* CommentCell.swift */ = {isa = PBXFileReference; lastKnownFileType = sourcecode.swift; path = CommentCell.swift; sourceTree = "<group>"; };
		5F6AFFB36A17FE86E5EB2DA8 /* Pods_Parstagram_ParstagramUITests.framework */ = {isa = PBXFileReference; explicitFileType = wrapper.framework; includeInIndex = 0; path = Pods_Parstagram_ParstagramUITests.framework; sourceTree = BUILT_PRODUCTS_DIR; };
		617CC180B8157429B5268D6A /* Pods-Parstagram-ParstagramUITests.release.xcconfig */ = {isa = PBXFileReference; includeInIndex = 1; lastKnownFileType = text.xcconfig; name = "Pods-Parstagram-ParstagramUITests.release.xcconfig"; path = "Target Support Files/Pods-Parstagram-ParstagramUITests/Pods-Parstagram-ParstagramUITests.release.xcconfig"; sourceTree = "<group>"; };
		7DD51261D8F03A71816B3383 /* Pods-ParstagramTests.release.xcconfig */ = {isa = PBXFileReference; includeInIndex = 1; lastKnownFileType = text.xcconfig; name = "Pods-ParstagramTests.release.xcconfig"; path = "Target Support Files/Pods-ParstagramTests/Pods-ParstagramTests.release.xcconfig"; sourceTree = "<group>"; };
		D90342258405366D06924129 /* Pods-ParstagramTests.debug.xcconfig */ = {isa = PBXFileReference; includeInIndex = 1; lastKnownFileType = text.xcconfig; name = "Pods-ParstagramTests.debug.xcconfig"; path = "Target Support Files/Pods-ParstagramTests/Pods-ParstagramTests.debug.xcconfig"; sourceTree = "<group>"; };
		DEE0CA1986A5F57C124622AC /* Pods_ParstagramTests.framework */ = {isa = PBXFileReference; explicitFileType = wrapper.framework; includeInIndex = 0; path = Pods_ParstagramTests.framework; sourceTree = BUILT_PRODUCTS_DIR; };
		EAD8138599F36268CBA3C920 /* Pods_Parstagram.framework */ = {isa = PBXFileReference; explicitFileType = wrapper.framework; includeInIndex = 0; path = Pods_Parstagram.framework; sourceTree = BUILT_PRODUCTS_DIR; };
		F7DD456FD6882F064E59E241 /* Pods-Parstagram-ParstagramUITests.debug.xcconfig */ = {isa = PBXFileReference; includeInIndex = 1; lastKnownFileType = text.xcconfig; name = "Pods-Parstagram-ParstagramUITests.debug.xcconfig"; path = "Target Support Files/Pods-Parstagram-ParstagramUITests/Pods-Parstagram-ParstagramUITests.debug.xcconfig"; sourceTree = "<group>"; };
/* End PBXFileReference section */

/* Begin PBXFrameworksBuildPhase section */
		5B9725B52716BA35004C2CB9 /* Frameworks */ = {
			isa = PBXFrameworksBuildPhase;
			buildActionMask = 2147483647;
			files = (
				24FF223ADD45EDD3BE4B98AF /* Pods_Parstagram.framework in Frameworks */,
			);
			runOnlyForDeploymentPostprocessing = 0;
		};
		5B9725CB2716BA37004C2CB9 /* Frameworks */ = {
			isa = PBXFrameworksBuildPhase;
			buildActionMask = 2147483647;
			files = (
				351CA6B2CA118C28875E681C /* Pods_ParstagramTests.framework in Frameworks */,
			);
			runOnlyForDeploymentPostprocessing = 0;
		};
		5B9725D62716BA37004C2CB9 /* Frameworks */ = {
			isa = PBXFrameworksBuildPhase;
			buildActionMask = 2147483647;
			files = (
				E7B9CCF4CE153E8A1536399F /* Pods_Parstagram_ParstagramUITests.framework in Frameworks */,
			);
			runOnlyForDeploymentPostprocessing = 0;
		};
/* End PBXFrameworksBuildPhase section */

/* Begin PBXGroup section */
		48896F8FE533FE3AFD6465C7 /* Frameworks */ = {
			isa = PBXGroup;
			children = (
				EAD8138599F36268CBA3C920 /* Pods_Parstagram.framework */,
				5F6AFFB36A17FE86E5EB2DA8 /* Pods_Parstagram_ParstagramUITests.framework */,
				DEE0CA1986A5F57C124622AC /* Pods_ParstagramTests.framework */,
			);
			name = Frameworks;
			sourceTree = "<group>";
		};
		5B9725AF2716BA35004C2CB9 = {
			isa = PBXGroup;
			children = (
				5B9725BA2716BA35004C2CB9 /* Parstagram */,
				5B9725D12716BA37004C2CB9 /* ParstagramTests */,
				5B9725DC2716BA37004C2CB9 /* ParstagramUITests */,
				5B9725B92716BA35004C2CB9 /* Products */,
				9AFB2EB0C4F89234E94FEDD5 /* Pods */,
				48896F8FE533FE3AFD6465C7 /* Frameworks */,
			);
			sourceTree = "<group>";
		};
		5B9725B92716BA35004C2CB9 /* Products */ = {
			isa = PBXGroup;
			children = (
				5B9725B82716BA35004C2CB9 /* Parstagram.app */,
				5B9725CE2716BA37004C2CB9 /* ParstagramTests.xctest */,
				5B9725D92716BA37004C2CB9 /* ParstagramUITests.xctest */,
			);
			name = Products;
			sourceTree = "<group>";
		};
		5B9725BA2716BA35004C2CB9 /* Parstagram */ = {
			isa = PBXGroup;
			children = (
				5B9725BB2716BA35004C2CB9 /* AppDelegate.swift */,
				5B9725BD2716BA35004C2CB9 /* SceneDelegate.swift */,
				5B9725C12716BA35004C2CB9 /* Main.storyboard */,
				5B9725C42716BA37004C2CB9 /* Assets.xcassets */,
				5B9725C62716BA37004C2CB9 /* LaunchScreen.storyboard */,
				5B9725C92716BA37004C2CB9 /* Info.plist */,
				5B9725EB2716C7A0004C2CB9 /* LoginViewController.swift */,
				5B9725ED2716C7BA004C2CB9 /* FeedViewController.swift */,
				5B9725EF2717F57F004C2CB9 /* CameraViewController.swift */,
				5B9725F12718097F004C2CB9 /* PostTableViewCell.swift */,
				5B9725F527212860004C2CB9 /* CommentCell.swift */,
			);
			path = Parstagram;
			sourceTree = "<group>";
		};
		5B9725D12716BA37004C2CB9 /* ParstagramTests */ = {
			isa = PBXGroup;
			children = (
				5B9725D22716BA37004C2CB9 /* ParstagramTests.swift */,
				5B9725D42716BA37004C2CB9 /* Info.plist */,
			);
			path = ParstagramTests;
			sourceTree = "<group>";
		};
		5B9725DC2716BA37004C2CB9 /* ParstagramUITests */ = {
			isa = PBXGroup;
			children = (
				5B9725DD2716BA37004C2CB9 /* ParstagramUITests.swift */,
				5B9725DF2716BA37004C2CB9 /* Info.plist */,
			);
			path = ParstagramUITests;
			sourceTree = "<group>";
		};
		9AFB2EB0C4F89234E94FEDD5 /* Pods */ = {
			isa = PBXGroup;
			children = (
				03981AB23B1FECB79D7E5955 /* Pods-Parstagram.debug.xcconfig */,
				32523EC1D71B7128E74931F6 /* Pods-Parstagram.release.xcconfig */,
				F7DD456FD6882F064E59E241 /* Pods-Parstagram-ParstagramUITests.debug.xcconfig */,
				617CC180B8157429B5268D6A /* Pods-Parstagram-ParstagramUITests.release.xcconfig */,
				D90342258405366D06924129 /* Pods-ParstagramTests.debug.xcconfig */,
				7DD51261D8F03A71816B3383 /* Pods-ParstagramTests.release.xcconfig */,
			);
			path = Pods;
			sourceTree = "<group>";
		};
/* End PBXGroup section */

/* Begin PBXNativeTarget section */
		5B9725B72716BA35004C2CB9 /* Parstagram */ = {
			isa = PBXNativeTarget;
			buildConfigurationList = 5B9725E22716BA37004C2CB9 /* Build configuration list for PBXNativeTarget "Parstagram" */;
			buildPhases = (
				D6C3361A2780AFC703290B7B /* [CP] Check Pods Manifest.lock */,
				5B9725B42716BA35004C2CB9 /* Sources */,
				5B9725B52716BA35004C2CB9 /* Frameworks */,
				5B9725B62716BA35004C2CB9 /* Resources */,
				046FF4114A5034C01A6F52AA /* [CP] Embed Pods Frameworks */,
			);
			buildRules = (
			);
			dependencies = (
			);
			name = Parstagram;
			productName = Parstagram;
			productReference = 5B9725B82716BA35004C2CB9 /* Parstagram.app */;
			productType = "com.apple.product-type.application";
		};
		5B9725CD2716BA37004C2CB9 /* ParstagramTests */ = {
			isa = PBXNativeTarget;
			buildConfigurationList = 5B9725E52716BA37004C2CB9 /* Build configuration list for PBXNativeTarget "ParstagramTests" */;
			buildPhases = (
				19017FDFA067F2A35E819B29 /* [CP] Check Pods Manifest.lock */,
				5B9725CA2716BA37004C2CB9 /* Sources */,
				5B9725CB2716BA37004C2CB9 /* Frameworks */,
				5B9725CC2716BA37004C2CB9 /* Resources */,
			);
			buildRules = (
			);
			dependencies = (
				5B9725D02716BA37004C2CB9 /* PBXTargetDependency */,
			);
			name = ParstagramTests;
			productName = ParstagramTests;
			productReference = 5B9725CE2716BA37004C2CB9 /* ParstagramTests.xctest */;
			productType = "com.apple.product-type.bundle.unit-test";
		};
		5B9725D82716BA37004C2CB9 /* ParstagramUITests */ = {
			isa = PBXNativeTarget;
			buildConfigurationList = 5B9725E82716BA37004C2CB9 /* Build configuration list for PBXNativeTarget "ParstagramUITests" */;
			buildPhases = (
				54DDA8F9F79239AAD9A3CFE6 /* [CP] Check Pods Manifest.lock */,
				5B9725D52716BA37004C2CB9 /* Sources */,
				5B9725D62716BA37004C2CB9 /* Frameworks */,
				5B9725D72716BA37004C2CB9 /* Resources */,
				E3F47081FEDD326A6945AAB3 /* [CP] Embed Pods Frameworks */,
			);
			buildRules = (
			);
			dependencies = (
				5B9725DB2716BA37004C2CB9 /* PBXTargetDependency */,
			);
			name = ParstagramUITests;
			productName = ParstagramUITests;
			productReference = 5B9725D92716BA37004C2CB9 /* ParstagramUITests.xctest */;
			productType = "com.apple.product-type.bundle.ui-testing";
		};
/* End PBXNativeTarget section */

/* Begin PBXProject section */
		5B9725B02716BA35004C2CB9 /* Project object */ = {
			isa = PBXProject;
			attributes = {
				LastSwiftUpdateCheck = 1250;
				LastUpgradeCheck = 1250;
				TargetAttributes = {
					5B9725B72716BA35004C2CB9 = {
						CreatedOnToolsVersion = 12.5.1;
					};
					5B9725CD2716BA37004C2CB9 = {
						CreatedOnToolsVersion = 12.5.1;
						TestTargetID = 5B9725B72716BA35004C2CB9;
					};
					5B9725D82716BA37004C2CB9 = {
						CreatedOnToolsVersion = 12.5.1;
						TestTargetID = 5B9725B72716BA35004C2CB9;
					};
				};
			};
			buildConfigurationList = 5B9725B32716BA35004C2CB9 /* Build configuration list for PBXProject "Parstagram" */;
			compatibilityVersion = "Xcode 9.3";
			developmentRegion = en;
			hasScannedForEncodings = 0;
			knownRegions = (
				en,
				Base,
			);
			mainGroup = 5B9725AF2716BA35004C2CB9;
			productRefGroup = 5B9725B92716BA35004C2CB9 /* Products */;
			projectDirPath = "";
			projectRoot = "";
			targets = (
				5B9725B72716BA35004C2CB9 /* Parstagram */,
				5B9725CD2716BA37004C2CB9 /* ParstagramTests */,
				5B9725D82716BA37004C2CB9 /* ParstagramUITests */,
			);
		};
/* End PBXProject section */

/* Begin PBXResourcesBuildPhase section */
		5B9725B62716BA35004C2CB9 /* Resources */ = {
			isa = PBXResourcesBuildPhase;
			buildActionMask = 2147483647;
			files = (
				5B9725C82716BA37004C2CB9 /* LaunchScreen.storyboard in Resources */,
				5B9725C52716BA37004C2CB9 /* Assets.xcassets in Resources */,
				5B9725C32716BA35004C2CB9 /* Main.storyboard in Resources */,
			);
			runOnlyForDeploymentPostprocessing = 0;
		};
		5B9725CC2716BA37004C2CB9 /* Resources */ = {
			isa = PBXResourcesBuildPhase;
			buildActionMask = 2147483647;
			files = (
			);
			runOnlyForDeploymentPostprocessing = 0;
		};
		5B9725D72716BA37004C2CB9 /* Resources */ = {
			isa = PBXResourcesBuildPhase;
			buildActionMask = 2147483647;
			files = (
			);
			runOnlyForDeploymentPostprocessing = 0;
		};
/* End PBXResourcesBuildPhase section */

/* Begin PBXShellScriptBuildPhase section */
		046FF4114A5034C01A6F52AA /* [CP] Embed Pods Frameworks */ = {
			isa = PBXShellScriptBuildPhase;
			buildActionMask = 2147483647;
			files = (
			);
			inputFileListPaths = (
				"${PODS_ROOT}/Target Support Files/Pods-Parstagram/Pods-Parstagram-frameworks-${CONFIGURATION}-input-files.xcfilelist",
			);
			name = "[CP] Embed Pods Frameworks";
			outputFileListPaths = (
				"${PODS_ROOT}/Target Support Files/Pods-Parstagram/Pods-Parstagram-frameworks-${CONFIGURATION}-output-files.xcfilelist",
			);
			runOnlyForDeploymentPostprocessing = 0;
			shellPath = /bin/sh;
			shellScript = "\"${PODS_ROOT}/Target Support Files/Pods-Parstagram/Pods-Parstagram-frameworks.sh\"\n";
			showEnvVarsInLog = 0;
		};
		19017FDFA067F2A35E819B29 /* [CP] Check Pods Manifest.lock */ = {
			isa = PBXShellScriptBuildPhase;
			buildActionMask = 2147483647;
			files = (
			);
			inputFileListPaths = (
			);
			inputPaths = (
				"${PODS_PODFILE_DIR_PATH}/Podfile.lock",
				"${PODS_ROOT}/Manifest.lock",
			);
			name = "[CP] Check Pods Manifest.lock";
			outputFileListPaths = (
			);
			outputPaths = (
				"$(DERIVED_FILE_DIR)/Pods-ParstagramTests-checkManifestLockResult.txt",
			);
			runOnlyForDeploymentPostprocessing = 0;
			shellPath = /bin/sh;
			shellScript = "diff \"${PODS_PODFILE_DIR_PATH}/Podfile.lock\" \"${PODS_ROOT}/Manifest.lock\" > /dev/null\nif [ $? != 0 ] ; then\n    # print error to STDERR\n    echo \"error: The sandbox is not in sync with the Podfile.lock. Run 'pod install' or update your CocoaPods installation.\" >&2\n    exit 1\nfi\n# This output is used by Xcode 'outputs' to avoid re-running this script phase.\necho \"SUCCESS\" > \"${SCRIPT_OUTPUT_FILE_0}\"\n";
			showEnvVarsInLog = 0;
		};
		54DDA8F9F79239AAD9A3CFE6 /* [CP] Check Pods Manifest.lock */ = {
			isa = PBXShellScriptBuildPhase;
			buildActionMask = 2147483647;
			files = (
			);
			inputFileListPaths = (
			);
			inputPaths = (
				"${PODS_PODFILE_DIR_PATH}/Podfile.lock",
				"${PODS_ROOT}/Manifest.lock",
			);
			name = "[CP] Check Pods Manifest.lock";
			outputFileListPaths = (
			);
			outputPaths = (
				"$(DERIVED_FILE_DIR)/Pods-Parstagram-ParstagramUITests-checkManifestLockResult.txt",
			);
			runOnlyForDeploymentPostprocessing = 0;
			shellPath = /bin/sh;
			shellScript = "diff \"${PODS_PODFILE_DIR_PATH}/Podfile.lock\" \"${PODS_ROOT}/Manifest.lock\" > /dev/null\nif [ $? != 0 ] ; then\n    # print error to STDERR\n    echo \"error: The sandbox is not in sync with the Podfile.lock. Run 'pod install' or update your CocoaPods installation.\" >&2\n    exit 1\nfi\n# This output is used by Xcode 'outputs' to avoid re-running this script phase.\necho \"SUCCESS\" > \"${SCRIPT_OUTPUT_FILE_0}\"\n";
			showEnvVarsInLog = 0;
		};
		D6C3361A2780AFC703290B7B /* [CP] Check Pods Manifest.lock */ = {
			isa = PBXShellScriptBuildPhase;
			buildActionMask = 2147483647;
			files = (
			);
			inputFileListPaths = (
			);
			inputPaths = (
				"${PODS_PODFILE_DIR_PATH}/Podfile.lock",
				"${PODS_ROOT}/Manifest.lock",
			);
			name = "[CP] Check Pods Manifest.lock";
			outputFileListPaths = (
			);
			outputPaths = (
				"$(DERIVED_FILE_DIR)/Pods-Parstagram-checkManifestLockResult.txt",
			);
			runOnlyForDeploymentPostprocessing = 0;
			shellPath = /bin/sh;
			shellScript = "diff \"${PODS_PODFILE_DIR_PATH}/Podfile.lock\" \"${PODS_ROOT}/Manifest.lock\" > /dev/null\nif [ $? != 0 ] ; then\n    # print error to STDERR\n    echo \"error: The sandbox is not in sync with the Podfile.lock. Run 'pod install' or update your CocoaPods installation.\" >&2\n    exit 1\nfi\n# This output is used by Xcode 'outputs' to avoid re-running this script phase.\necho \"SUCCESS\" > \"${SCRIPT_OUTPUT_FILE_0}\"\n";
			showEnvVarsInLog = 0;
		};
		E3F47081FEDD326A6945AAB3 /* [CP] Embed Pods Frameworks */ = {
			isa = PBXShellScriptBuildPhase;
			buildActionMask = 2147483647;
			files = (
			);
			inputFileListPaths = (
				"${PODS_ROOT}/Target Support Files/Pods-Parstagram-ParstagramUITests/Pods-Parstagram-ParstagramUITests-frameworks-${CONFIGURATION}-input-files.xcfilelist",
			);
			name = "[CP] Embed Pods Frameworks";
			outputFileListPaths = (
				"${PODS_ROOT}/Target Support Files/Pods-Parstagram-ParstagramUITests/Pods-Parstagram-ParstagramUITests-frameworks-${CONFIGURATION}-output-files.xcfilelist",
			);
			runOnlyForDeploymentPostprocessing = 0;
			shellPath = /bin/sh;
			shellScript = "\"${PODS_ROOT}/Target Support Files/Pods-Parstagram-ParstagramUITests/Pods-Parstagram-ParstagramUITests-frameworks.sh\"\n";
			showEnvVarsInLog = 0;
		};
/* End PBXShellScriptBuildPhase section */

/* Begin PBXSourcesBuildPhase section */
		5B9725B42716BA35004C2CB9 /* Sources */ = {
			isa = PBXSourcesBuildPhase;
			buildActionMask = 2147483647;
			files = (
				5B9725EC2716C7A0004C2CB9 /* LoginViewController.swift in Sources */,
				5B9725F02717F57F004C2CB9 /* CameraViewController.swift in Sources */,
				5B9725BC2716BA35004C2CB9 /* AppDelegate.swift in Sources */,
				5B9725EE2716C7BA004C2CB9 /* FeedViewController.swift in Sources */,
				5B9725BE2716BA35004C2CB9 /* SceneDelegate.swift in Sources */,
				5B9725F22718097F004C2CB9 /* PostTableViewCell.swift in Sources */,
				5B9725F627212860004C2CB9 /* CommentCell.swift in Sources */,
			);
			runOnlyForDeploymentPostprocessing = 0;
		};
		5B9725CA2716BA37004C2CB9 /* Sources */ = {
			isa = PBXSourcesBuildPhase;
			buildActionMask = 2147483647;
			files = (
				5B9725D32716BA37004C2CB9 /* ParstagramTests.swift in Sources */,
			);
			runOnlyForDeploymentPostprocessing = 0;
		};
		5B9725D52716BA37004C2CB9 /* Sources */ = {
			isa = PBXSourcesBuildPhase;
			buildActionMask = 2147483647;
			files = (
				5B9725DE2716BA37004C2CB9 /* ParstagramUITests.swift in Sources */,
			);
			runOnlyForDeploymentPostprocessing = 0;
		};
/* End PBXSourcesBuildPhase section */

/* Begin PBXTargetDependency section */
		5B9725D02716BA37004C2CB9 /* PBXTargetDependency */ = {
			isa = PBXTargetDependency;
			target = 5B9725B72716BA35004C2CB9 /* Parstagram */;
			targetProxy = 5B9725CF2716BA37004C2CB9 /* PBXContainerItemProxy */;
		};
		5B9725DB2716BA37004C2CB9 /* PBXTargetDependency */ = {
			isa = PBXTargetDependency;
			target = 5B9725B72716BA35004C2CB9 /* Parstagram */;
			targetProxy = 5B9725DA2716BA37004C2CB9 /* PBXContainerItemProxy */;
		};
/* End PBXTargetDependency section */

/* Begin PBXVariantGroup section */
		5B9725C12716BA35004C2CB9 /* Main.storyboard */ = {
			isa = PBXVariantGroup;
			children = (
				5B9725C22716BA35004C2CB9 /* Base */,
			);
			name = Main.storyboard;
			sourceTree = "<group>";
		};
		5B9725C62716BA37004C2CB9 /* LaunchScreen.storyboard */ = {
			isa = PBXVariantGroup;
			children = (
				5B9725C72716BA37004C2CB9 /* Base */,
			);
			name = LaunchScreen.storyboard;
			sourceTree = "<group>";
		};
/* End PBXVariantGroup section */

/* Begin XCBuildConfiguration section */
		5B9725E02716BA37004C2CB9 /* Debug */ = {
			isa = XCBuildConfiguration;
			buildSettings = {
				ALWAYS_SEARCH_USER_PATHS = NO;
				CLANG_ANALYZER_NONNULL = YES;
				CLANG_ANALYZER_NUMBER_OBJECT_CONVERSION = YES_AGGRESSIVE;
				CLANG_CXX_LANGUAGE_STANDARD = "gnu++14";
				CLANG_CXX_LIBRARY = "libc++";
				CLANG_ENABLE_MODULES = YES;
				CLANG_ENABLE_OBJC_ARC = YES;
				CLANG_ENABLE_OBJC_WEAK = YES;
				CLANG_WARN_BLOCK_CAPTURE_AUTORELEASING = YES;
				CLANG_WARN_BOOL_CONVERSION = YES;
				CLANG_WARN_COMMA = YES;
				CLANG_WARN_CONSTANT_CONVERSION = YES;
				CLANG_WARN_DEPRECATED_OBJC_IMPLEMENTATIONS = YES;
				CLANG_WARN_DIRECT_OBJC_ISA_USAGE = YES_ERROR;
				CLANG_WARN_DOCUMENTATION_COMMENTS = YES;
				CLANG_WARN_EMPTY_BODY = YES;
				CLANG_WARN_ENUM_CONVERSION = YES;
				CLANG_WARN_INFINITE_RECURSION = YES;
				CLANG_WARN_INT_CONVERSION = YES;
				CLANG_WARN_NON_LITERAL_NULL_CONVERSION = YES;
				CLANG_WARN_OBJC_IMPLICIT_RETAIN_SELF = YES;
				CLANG_WARN_OBJC_LITERAL_CONVERSION = YES;
				CLANG_WARN_OBJC_ROOT_CLASS = YES_ERROR;
				CLANG_WARN_QUOTED_INCLUDE_IN_FRAMEWORK_HEADER = YES;
				CLANG_WARN_RANGE_LOOP_ANALYSIS = YES;
				CLANG_WARN_STRICT_PROTOTYPES = YES;
				CLANG_WARN_SUSPICIOUS_MOVE = YES;
				CLANG_WARN_UNGUARDED_AVAILABILITY = YES_AGGRESSIVE;
				CLANG_WARN_UNREACHABLE_CODE = YES;
				CLANG_WARN__DUPLICATE_METHOD_MATCH = YES;
				COPY_PHASE_STRIP = NO;
				DEBUG_INFORMATION_FORMAT = dwarf;
				ENABLE_STRICT_OBJC_MSGSEND = YES;
				ENABLE_TESTABILITY = YES;
				GCC_C_LANGUAGE_STANDARD = gnu11;
				GCC_DYNAMIC_NO_PIC = NO;
				GCC_NO_COMMON_BLOCKS = YES;
				GCC_OPTIMIZATION_LEVEL = 0;
				GCC_PREPROCESSOR_DEFINITIONS = (
					"DEBUG=1",
					"$(inherited)",
				);
				GCC_WARN_64_TO_32_BIT_CONVERSION = YES;
				GCC_WARN_ABOUT_RETURN_TYPE = YES_ERROR;
				GCC_WARN_UNDECLARED_SELECTOR = YES;
				GCC_WARN_UNINITIALIZED_AUTOS = YES_AGGRESSIVE;
				GCC_WARN_UNUSED_FUNCTION = YES;
				GCC_WARN_UNUSED_VARIABLE = YES;
				IPHONEOS_DEPLOYMENT_TARGET = 14.5;
				MTL_ENABLE_DEBUG_INFO = INCLUDE_SOURCE;
				MTL_FAST_MATH = YES;
				ONLY_ACTIVE_ARCH = YES;
				SDKROOT = iphoneos;
				SWIFT_ACTIVE_COMPILATION_CONDITIONS = DEBUG;
				SWIFT_OPTIMIZATION_LEVEL = "-Onone";
			};
			name = Debug;
		};
		5B9725E12716BA37004C2CB9 /* Release */ = {
			isa = XCBuildConfiguration;
			buildSettings = {
				ALWAYS_SEARCH_USER_PATHS = NO;
				CLANG_ANALYZER_NONNULL = YES;
				CLANG_ANALYZER_NUMBER_OBJECT_CONVERSION = YES_AGGRESSIVE;
				CLANG_CXX_LANGUAGE_STANDARD = "gnu++14";
				CLANG_CXX_LIBRARY = "libc++";
				CLANG_ENABLE_MODULES = YES;
				CLANG_ENABLE_OBJC_ARC = YES;
				CLANG_ENABLE_OBJC_WEAK = YES;
				CLANG_WARN_BLOCK_CAPTURE_AUTORELEASING = YES;
				CLANG_WARN_BOOL_CONVERSION = YES;
				CLANG_WARN_COMMA = YES;
				CLANG_WARN_CONSTANT_CONVERSION = YES;
				CLANG_WARN_DEPRECATED_OBJC_IMPLEMENTATIONS = YES;
				CLANG_WARN_DIRECT_OBJC_ISA_USAGE = YES_ERROR;
				CLANG_WARN_DOCUMENTATION_COMMENTS = YES;
				CLANG_WARN_EMPTY_BODY = YES;
				CLANG_WARN_ENUM_CONVERSION = YES;
				CLANG_WARN_INFINITE_RECURSION = YES;
				CLANG_WARN_INT_CONVERSION = YES;
				CLANG_WARN_NON_LITERAL_NULL_CONVERSION = YES;
				CLANG_WARN_OBJC_IMPLICIT_RETAIN_SELF = YES;
				CLANG_WARN_OBJC_LITERAL_CONVERSION = YES;
				CLANG_WARN_OBJC_ROOT_CLASS = YES_ERROR;
				CLANG_WARN_QUOTED_INCLUDE_IN_FRAMEWORK_HEADER = YES;
				CLANG_WARN_RANGE_LOOP_ANALYSIS = YES;
				CLANG_WARN_STRICT_PROTOTYPES = YES;
				CLANG_WARN_SUSPICIOUS_MOVE = YES;
				CLANG_WARN_UNGUARDED_AVAILABILITY = YES_AGGRESSIVE;
				CLANG_WARN_UNREACHABLE_CODE = YES;
				CLANG_WARN__DUPLICATE_METHOD_MATCH = YES;
				COPY_PHASE_STRIP = NO;
				DEBUG_INFORMATION_FORMAT = "dwarf-with-dsym";
				ENABLE_NS_ASSERTIONS = NO;
				ENABLE_STRICT_OBJC_MSGSEND = YES;
				GCC_C_LANGUAGE_STANDARD = gnu11;
				GCC_NO_COMMON_BLOCKS = YES;
				GCC_WARN_64_TO_32_BIT_CONVERSION = YES;
				GCC_WARN_ABOUT_RETURN_TYPE = YES_ERROR;
				GCC_WARN_UNDECLARED_SELECTOR = YES;
				GCC_WARN_UNINITIALIZED_AUTOS = YES_AGGRESSIVE;
				GCC_WARN_UNUSED_FUNCTION = YES;
				GCC_WARN_UNUSED_VARIABLE = YES;
				IPHONEOS_DEPLOYMENT_TARGET = 14.5;
				MTL_ENABLE_DEBUG_INFO = NO;
				MTL_FAST_MATH = YES;
				SDKROOT = iphoneos;
				SWIFT_COMPILATION_MODE = wholemodule;
				SWIFT_OPTIMIZATION_LEVEL = "-O";
				VALIDATE_PRODUCT = YES;
			};
			name = Release;
		};
		5B9725E32716BA37004C2CB9 /* Debug */ = {
			isa = XCBuildConfiguration;
			baseConfigurationReference = 03981AB23B1FECB79D7E5955 /* Pods-Parstagram.debug.xcconfig */;
			buildSettings = {
				ASSETCATALOG_COMPILER_APPICON_NAME = AppIcon;
				ASSETCATALOG_COMPILER_GLOBAL_ACCENT_COLOR_NAME = AccentColor;
				CODE_SIGN_STYLE = Automatic;
				INFOPLIST_FILE = Parstagram/Info.plist;
				LD_RUNPATH_SEARCH_PATHS = (
					"$(inherited)",
					"@executable_path/Frameworks",
				);
				PRODUCT_BUNDLE_IDENTIFIER = memo.com.Parstagram;
				PRODUCT_NAME = "$(TARGET_NAME)";
				SWIFT_VERSION = 5.0;
				TARGETED_DEVICE_FAMILY = "1,2";
			};
			name = Debug;
		};
		5B9725E42716BA37004C2CB9 /* Release */ = {
			isa = XCBuildConfiguration;
			baseConfigurationReference = 32523EC1D71B7128E74931F6 /* Pods-Parstagram.release.xcconfig */;
			buildSettings = {
				ASSETCATALOG_COMPILER_APPICON_NAME = AppIcon;
				ASSETCATALOG_COMPILER_GLOBAL_ACCENT_COLOR_NAME = AccentColor;
				CODE_SIGN_STYLE = Automatic;
				INFOPLIST_FILE = Parstagram/Info.plist;
				LD_RUNPATH_SEARCH_PATHS = (
					"$(inherited)",
					"@executable_path/Frameworks",
				);
				PRODUCT_BUNDLE_IDENTIFIER = memo.com.Parstagram;
				PRODUCT_NAME = "$(TARGET_NAME)";
				SWIFT_VERSION = 5.0;
				TARGETED_DEVICE_FAMILY = "1,2";
			};
			name = Release;
		};
		5B9725E62716BA37004C2CB9 /* Debug */ = {
			isa = XCBuildConfiguration;
			baseConfigurationReference = D90342258405366D06924129 /* Pods-ParstagramTests.debug.xcconfig */;
			buildSettings = {
				ALWAYS_EMBED_SWIFT_STANDARD_LIBRARIES = YES;
				BUNDLE_LOADER = "$(TEST_HOST)";
				CODE_SIGN_STYLE = Automatic;
				INFOPLIST_FILE = ParstagramTests/Info.plist;
				IPHONEOS_DEPLOYMENT_TARGET = 14.5;
				LD_RUNPATH_SEARCH_PATHS = (
					"$(inherited)",
					"@executable_path/Frameworks",
					"@loader_path/Frameworks",
				);
				PRODUCT_BUNDLE_IDENTIFIER = memo.com.ParstagramTests;
				PRODUCT_NAME = "$(TARGET_NAME)";
				SWIFT_VERSION = 5.0;
				TARGETED_DEVICE_FAMILY = "1,2";
				TEST_HOST = "$(BUILT_PRODUCTS_DIR)/Parstagram.app/Parstagram";
			};
			name = Debug;
		};
		5B9725E72716BA37004C2CB9 /* Release */ = {
			isa = XCBuildConfiguration;
			baseConfigurationReference = 7DD51261D8F03A71816B3383 /* Pods-ParstagramTests.release.xcconfig */;
			buildSettings = {
				ALWAYS_EMBED_SWIFT_STANDARD_LIBRARIES = YES;
				BUNDLE_LOADER = "$(TEST_HOST)";
				CODE_SIGN_STYLE = Automatic;
				INFOPLIST_FILE = ParstagramTests/Info.plist;
				IPHONEOS_DEPLOYMENT_TARGET = 14.5;
				LD_RUNPATH_SEARCH_PATHS = (
					"$(inherited)",
					"@executable_path/Frameworks",
					"@loader_path/Frameworks",
				);
				PRODUCT_BUNDLE_IDENTIFIER = memo.com.ParstagramTests;
				PRODUCT_NAME = "$(TARGET_NAME)";
				SWIFT_VERSION = 5.0;
				TARGETED_DEVICE_FAMILY = "1,2";
				TEST_HOST = "$(BUILT_PRODUCTS_DIR)/Parstagram.app/Parstagram";
			};
			name = Release;
		};
		5B9725E92716BA37004C2CB9 /* Debug */ = {
			isa = XCBuildConfiguration;
			baseConfigurationReference = F7DD456FD6882F064E59E241 /* Pods-Parstagram-ParstagramUITests.debug.xcconfig */;
			buildSettings = {
				ALWAYS_EMBED_SWIFT_STANDARD_LIBRARIES = YES;
				CODE_SIGN_STYLE = Automatic;
				INFOPLIST_FILE = ParstagramUITests/Info.plist;
				LD_RUNPATH_SEARCH_PATHS = (
					"$(inherited)",
					"@executable_path/Frameworks",
					"@loader_path/Frameworks",
				);
				PRODUCT_BUNDLE_IDENTIFIER = memo.com.ParstagramUITests;
				PRODUCT_NAME = "$(TARGET_NAME)";
				SWIFT_VERSION = 5.0;
				TARGETED_DEVICE_FAMILY = "1,2";
				TEST_TARGET_NAME = Parstagram;
			};
			name = Debug;
		};
		5B9725EA2716BA37004C2CB9 /* Release */ = {
			isa = XCBuildConfiguration;
			baseConfigurationReference = 617CC180B8157429B5268D6A /* Pods-Parstagram-ParstagramUITests.release.xcconfig */;
			buildSettings = {
				ALWAYS_EMBED_SWIFT_STANDARD_LIBRARIES = YES;
				CODE_SIGN_STYLE = Automatic;
				INFOPLIST_FILE = ParstagramUITests/Info.plist;
				LD_RUNPATH_SEARCH_PATHS = (
					"$(inherited)",
					"@executable_path/Frameworks",
					"@loader_path/Frameworks",
				);
				PRODUCT_BUNDLE_IDENTIFIER = memo.com.ParstagramUITests;
				PRODUCT_NAME = "$(TARGET_NAME)";
				SWIFT_VERSION = 5.0;
				TARGETED_DEVICE_FAMILY = "1,2";
				TEST_TARGET_NAME = Parstagram;
			};
			name = Release;
		};
/* End XCBuildConfiguration section */

/* Begin XCConfigurationList section */
		5B9725B32716BA35004C2CB9 /* Build configuration list for PBXProject "Parstagram" */ = {
			isa = XCConfigurationList;
			buildConfigurations = (
				5B9725E02716BA37004C2CB9 /* Debug */,
				5B9725E12716BA37004C2CB9 /* Release */,
			);
			defaultConfigurationIsVisible = 0;
			defaultConfigurationName = Release;
		};
		5B9725E22716BA37004C2CB9 /* Build configuration list for PBXNativeTarget "Parstagram" */ = {
			isa = XCConfigurationList;
			buildConfigurations = (
				5B9725E32716BA37004C2CB9 /* Debug */,
				5B9725E42716BA37004C2CB9 /* Release */,
			);
			defaultConfigurationIsVisible = 0;
			defaultConfigurationName = Release;
		};
		5B9725E52716BA37004C2CB9 /* Build configuration list for PBXNativeTarget "ParstagramTests" */ = {
			isa = XCConfigurationList;
			buildConfigurations = (
				5B9725E62716BA37004C2CB9 /* Debug */,
				5B9725E72716BA37004C2CB9 /* Release */,
			);
			defaultConfigurationIsVisible = 0;
			defaultConfigurationName = Release;
		};
		5B9725E82716BA37004C2CB9 /* Build configuration list for PBXNativeTarget "ParstagramUITests" */ = {
			isa = XCConfigurationList;
			buildConfigurations = (
				5B9725E92716BA37004C2CB9 /* Debug */,
				5B9725EA2716BA37004C2CB9 /* Release */,
			);
			defaultConfigurationIsVisible = 0;
			defaultConfigurationName = Release;
		};
/* End XCConfigurationList section */
	};
	rootObject = 5B9725B02716BA35004C2CB9 /* Project object */;
}
